
Microsoft Visual Studio Solution File, Format Version 12.00
# Visual Studio Version 17
VisualStudioVersion = 17.14.36915.13 d17.14
MinimumVisualStudioVersion = 10.0.40219.1
Project("{888888A0-9F3D-457C-B088-3A5042F75D52}") = "Music-python", "Music-python\Music-python.pyproj", "{68993963-A4AE-49F9-B04A-B2648C41BE42}"
EndProject
Global
	GlobalSection(SolutionConfigurationPlatforms) = preSolution
		Debug|Any CPU = Debug|Any CPU
		Release|Any CPU = Release|Any CPU
	EndGlobalSection
	GlobalSection(ProjectConfigurationPlatforms) = postSolution
		{68993963-A4AE-49F9-B04A-B2648C41BE42}.Debug|Any CPU.ActiveCfg = Debug|Any CPU
		{68993963-A4AE-49F9-B04A-B2648C41BE42}.Release|Any CPU.ActiveCfg = Release|Any CPU
	EndGlobalSection
	GlobalSection(SolutionProperties) = preSolution
		HideSolutionNode = FALSE
	EndGlobalSection
	GlobalSection(ExtensibilityGlobals) = postSolution
		SolutionGuid = {49DB3185-3958-41D2-856A-EB37D1DA6125}
	EndGlobalSection
EndGlobal
